<?xml version="1.0" encoding="utf-8"?>
<Project ToolsVersion="4.0" xmlns="http://schemas.microsoft.com/developer/msbuild/2003">
  <ItemGroup>
    <Filter Include="Source Files">
      <UniqueIdentifier>{4FC737F1-C7A5-4376-A066-2A32D752A2FF}</UniqueIdentifier>
      <Extensions>cpp;c;cc;cxx;c++;cppm;ixx;def;odl;idl;hpj;bat;asm;asmx</Extensions>
    </Filter>
    <Filter Include="Header Files">
      <UniqueIdentifier>{93995380-89BD-4b04-88EB-625FBE52EBFB}</UniqueIdentifier>
      <Extensions>h;hh;hpp;hxx;h++;hm;inl;inc;ipp;xsd</Extensions>
    </Filter>
    <Filter Include="Resource Files">
      <UniqueIdentifier>{67DA6AB6-F800-4c08-8B7A-83BB121AAD01}</UniqueIdentifier>
      <Extensions>rc;ico;cur;bmp;dlg;rc2;rct;bin;rgs;gif;jpg;jpeg;jpe;resx;tiff;tif;png;wav;mfcribbon-ms</Extensions>
    </Filter>
    <Filter Include="Externals">
      <UniqueIdentifier>{f57cfde8-2c00-40e4-895d-85b218bae9c4}</UniqueIdentifier>
    </Filter>
    <Filter Include="Externals\ImGui">
      <UniqueIdentifier>{64149853-aa8a-45ae-a174-fb678c6e3c9e}</UniqueIdentifier>
    </Filter>
  </ItemGroup>
  <ItemGroup>
    <ClCompile Include="Source.cpp">
      <Filter>Source Files</Filter>
    </ClCompile>
    <ClCompile Include="SoundManager_Fmod.cpp">
      <Filter>Source Files</Filter>
    </ClCompile>
    <ClCompile Include="..\..\..\Externals\imguiSFML\imgui.cpp">
      <Filter>Externals\ImGui</Filter>
    </ClCompile>
    <ClCompile Include="..\..\..\Externals\imguiSFML\imgui_demo.cpp">
      <Filter>Externals\ImGui</Filter>
    </ClCompile>
    <ClCompile Include="..\..\..\Externals\imguiSFML\imgui_draw.cpp">
      <Filter>Externals\ImGui</Filter>
    </ClCompile>
    <ClCompile Include="..\..\..\Externals\imguiSFML\imgui_tables.cpp">
      <Filter>Externals\ImGui</Filter>
    </ClCompile>
    <ClCompile Include="..\..\..\Externals\imguiSFML\imgui_widgets.cpp">
      <Filter>Externals\ImGui</Filter>
    </ClCompile>
    <ClCompile Include="..\..\..\Externals\imguiSFML\imgui-SFML.cpp">
      <Filter>Externals\ImGui</Filter>
    </ClCompile>
    <ClCompile Include="FMODSound.cpp">
      <Filter>Source Files</Filter>
    </ClCompile>
    <ClCompile Include="SynthetiseSound.cpp">
      <Filter>Source Files</Filter>
    </ClCompile>
    <ClCompile Include="SythetiseA.cpp">
      <Filter>Source Files</Filter>
    </ClCompile>
    <ClCompile Include="SoundEffect.cpp">
      <Filter>Source Files</Filter>
    </ClCompile>
    <ClCompile Include="MuteSoundEffect.cpp">
      <Filter>Source Files</Filter>
    </ClCompile>
    <ClCompile Include="LimitSoundEffect.cpp">
      <Filter>Source Files</Filter>
    </ClCompile>
    <ClCompile Include="BlurSoundEffect.cpp">
      <Filter>Source Files</Filter>
    </ClCompile>
    <ClCompile Include="ExpSoundEffect.cpp">
      <Filter>Source Files</Filter>
    </ClCompile>
    <ClCompile Include="SoundChannel.cpp">
      <Filter>Source Files</Filter>
    </ClCompile>
    <ClCompile Include="SoundChannelGroup.cpp">
      <Filter>Source Files</Filter>
    </ClCompile>
    <ClCompile Include="SoundEditor.cpp">
      <Filter>Source Files</Filter>
    </ClCompile>
    <ClCompile Include="SoundWaveDisplay.cpp">
      <Filter>Source Files</Filter>
    </ClCompile>
    <ClCompile Include="SoundMixer.cpp">
      <Filter>Source Files</Filter>
    </ClCompile>
    <ClCompile Include="SoundMixerChannel.cpp">
      <Filter>Source Files</Filter>
    </ClCompile>
    <ClCompile Include="AudioTrack.cpp">
      <Filter>Source Files</Filter>
    </ClCompile>
    <ClCompile Include="AudioEvent.cpp">
      <Filter>Source Files</Filter>
    </ClCompile>
    <ClCompile Include="AudioEventLoop.cpp">
      <Filter>Source Files</Filter>
    </ClCompile>
    <ClCompile Include="PitchSoundEffect.cpp">
      <Filter>Source Files</Filter>
    </ClCompile>
    <ClCompile Include="eeAudioImGuiImpl.cpp">
      <Filter>Source Files</Filter>
    </ClCompile>
    <ClCompile Include="AudioMixerEventGraph.cpp">
      <Filter>Source Files</Filter>
    </ClCompile>
    <ClCompile Include="VariablesSystem.cpp">
      <Filter>Source Files</Filter>
    </ClCompile>
  </ItemGroup>
  <ItemGroup>
    <ClInclude Include="SoundManager_Fmod.h">
      <Filter>Header Files</Filter>
    </ClInclude>
    <ClInclude Include="FMODSound.h">
      <Filter>Header Files</Filter>
    </ClInclude>
    <ClInclude Include="Prerrequisites.h">
      <Filter>Header Files</Filter>
    </ClInclude>
    <ClInclude Include="SynthetiseSound.h">
      <Filter>Header Files</Filter>
    </ClInclude>
    <ClInclude Include="SythetiseA.h">
      <Filter>Header Files</Filter>
    </ClInclude>
    <ClInclude Include="SoundEffect.h">
      <Filter>Header Files</Filter>
    </ClInclude>
    <ClInclude Include="MuteSoundEffect.h">
      <Filter>Header Files</Filter>
    </ClInclude>
    <ClInclude Include="LimitSoundEffect.h">
      <Filter>Header Files</Filter>
    </ClInclude>
    <ClInclude Include="BlurSoundEffect.h">
      <Filter>Header Files</Filter>
    </ClInclude>
    <ClInclude Include="ExpSoundEffect.h">
      <Filter>Header Files</Filter>
    </ClInclude>
    <ClInclude Include="SoundChannel.h">
      <Filter>Header Files</Filter>
    </ClInclude>
    <ClInclude Include="SoundChannelGroup.h">
      <Filter>Header Files</Filter>
    </ClInclude>
    <ClInclude Include="SoundEditor.h">
      <Filter>Header Files</Filter>
    </ClInclude>
    <ClInclude Include="SoundWaveDisplay.h">
      <Filter>Header Files</Filter>
    </ClInclude>
    <ClInclude Include="SoundMixer.h">
      <Filter>Header Files</Filter>
    </ClInclude>
    <ClInclude Include="SoundMixerChannel.h">
      <Filter>Header Files</Filter>
    </ClInclude>
    <ClInclude Include="AudioTrack.h">
      <Filter>Header Files</Filter>
    </ClInclude>
    <ClInclude Include="AudioEvent.h">
      <Filter>Header Files</Filter>
    </ClInclude>
    <ClInclude Include="AudioEventLoop.h">
      <Filter>Header Files</Filter>
    </ClInclude>
    <ClInclude Include="PitchSoundEffect.h">
      <Filter>Header Files</Filter>
    </ClInclude>
    <ClInclude Include="eeAudioImGuiImpl.h">
      <Filter>Header Files</Filter>
    </ClInclude>
    <ClInclude Include="AudioMixerEventGraph.h">
      <Filter>Header Files</Filter>
    </ClInclude>
    <ClInclude Include="VariablesSystem.h">
      <Filter>Header Files</Filter>
    </ClInclude>
  </ItemGroup>
</Project>