<?xml version="1.0" encoding="utf-8"?>
<Project ToolsVersion="4.0" xmlns="http://schemas.microsoft.com/developer/msbuild/2003">
  <ItemGroup>
    <Filter Include="Source Files">
      <UniqueIdentifier>{4FC737F1-C7A5-4376-A066-2A32D752A2FF}</UniqueIdentifier>
      <Extensions>cpp;c;cc;cxx;c++;cppm;ixx;def;odl;idl;hpj;bat;asm;asmx</Extensions>
    </Filter>
    <Filter Include="Header Files">
      <UniqueIdentifier>{93995380-89BD-4b04-88EB-625FBE52EBFB}</UniqueIdentifier>
      <Extensions>h;hh;hpp;hxx;h++;hm;inl;inc;ipp;xsd</Extensions>
    </Filter>
    <Filter Include="Resource Files">
      <UniqueIdentifier>{67DA6AB6-F800-4c08-8B7A-83BB121AAD01}</UniqueIdentifier>
      <Extensions>rc;ico;cur;bmp;dlg;rc2;rct;bin;rgs;gif;jpg;jpeg;jpe;resx;tiff;tif;png;wav;mfcribbon-ms</Extensions>
    </Filter>
    <Filter Include="Externals">
      <UniqueIdentifier>{4c29a352-175f-44f3-aa95-4a6d6c1851c6}</UniqueIdentifier>
    </Filter>
    <Filter Include="Externals\imgui">
      <UniqueIdentifier>{da4e0f66-506e-4467-aba5-758f5d51f833}</UniqueIdentifier>
    </Filter>
  </ItemGroup>
  <ItemGroup>
    <ClCompile Include="..\..\..\Externals\imgui\imgui.cpp">
      <Filter>Externals\imgui</Filter>
    </ClCompile>
    <ClCompile Include="..\..\..\Externals\imgui\imgui_demo.cpp">
      <Filter>Externals\imgui</Filter>
    </ClCompile>
    <ClCompile Include="..\..\..\Externals\imgui\imgui_draw.cpp">
      <Filter>Externals\imgui</Filter>
    </ClCompile>
    <ClCompile Include="..\..\..\Externals\imgui\imgui_tables.cpp">
      <Filter>Externals\imgui</Filter>
    </ClCompile>
    <ClCompile Include="..\..\..\Externals\imgui\imgui_widgets.cpp">
      <Filter>Externals\imgui</Filter>
    </ClCompile>
    <ClCompile Include="..\..\..\Externals\imgui\backends\imgui_impl_win32.cpp">
      <Filter>Externals\imgui</Filter>
    </ClCompile>
    <ClCompile Include="..\..\..\Externals\imgui\backends\imgui_impl_dx11.cpp">
      <Filter>Externals\imgui</Filter>
    </ClCompile>
    <ClCompile Include="src\main.cpp">
      <Filter>Source Files</Filter>
    </ClCompile>
    <ClCompile Include="src\eaSoundMixer.cpp">
      <Filter>Source Files</Filter>
    </ClCompile>
    <ClCompile Include="src\eaSoundMixerChannel.cpp">
      <Filter>Source Files</Filter>
    </ClCompile>
    <ClCompile Include="src\eaSoundTrack.cpp">
      <Filter>Source Files</Filter>
    </ClCompile>
    <ClCompile Include="src\eaSound.cpp">
      <Filter>Source Files</Filter>
    </ClCompile>
    <ClCompile Include="src\eaSoundEvent.cpp">
      <Filter>Source Files</Filter>
    </ClCompile>
    <ClCompile Include="src\eaVariableClass.cpp">
      <Filter>Source Files</Filter>
    </ClCompile>
    <ClCompile Include="src\eaSoundMixerEventGraph.cpp">
      <Filter>Source Files</Filter>
    </ClCompile>
    <ClCompile Include="src\eaSoundEventLoop.cpp">
      <Filter>Source Files</Filter>
    </ClCompile>
    <ClCompile Include="..\..\..\Externals\imgui\ImSequencer.cpp">
      <Filter>Externals\imgui</Filter>
    </ClCompile>
    <ClCompile Include="..\..\..\Externals\imgui\ImCurveEdit.cpp">
      <Filter>Externals\imgui</Filter>
    </ClCompile>
    <ClCompile Include="src\eaSoundMixerSequencer.cpp">
      <Filter>Source Files</Filter>
    </ClCompile>
  </ItemGroup>
  <ItemGroup>
    <ClInclude Include="include\eaSoundMixer.h">
      <Filter>Header Files</Filter>
    </ClInclude>
    <ClInclude Include="include\eaSoundMixerChannel.h">
      <Filter>Header Files</Filter>
    </ClInclude>
    <ClInclude Include="include\eaPrerrequisitesUtilities.h">
      <Filter>Header Files</Filter>
    </ClInclude>
    <ClInclude Include="include\eaSTDHeathers.h">
      <Filter>Header Files</Filter>
    </ClInclude>
    <ClInclude Include="include\eaSoundTrack.h">
      <Filter>Header Files</Filter>
    </ClInclude>
    <ClInclude Include="include\eaSound.h">
      <Filter>Header Files</Filter>
    </ClInclude>
    <ClInclude Include="include\eaSoundEvent.h">
      <Filter>Header Files</Filter>
    </ClInclude>
    <ClInclude Include="include\eaVariableClass.h">
      <Filter>Header Files</Filter>
    </ClInclude>
    <ClInclude Include="include\eaSoundMixerEventGraph.h">
      <Filter>Header Files</Filter>
    </ClInclude>
    <ClInclude Include="include\eaSoundEventLoop.h">
      <Filter>Header Files</Filter>
    </ClInclude>
    <ClInclude Include="include\eaSoundMixerSequencer.h">
      <Filter>Header Files</Filter>
    </ClInclude>
  </ItemGroup>
</Project>